
Microsoft Visual Studio Solution File, Format Version 12.00
# Visual Studio Version 16
VisualStudioVersion = 16.0.30011.22
MinimumVisualStudioVersion = 10.0.40219.1
Project("{FAE04EC0-301F-11D3-BF4B-00C04F79EFBC}") = "Googletestproject", "Googletestproject\Googletestproject.csproj", "{14F23EBA-4EFF-4E6C-979C-F169F57DA699}"
EndProject
Global
	GlobalSection(SolutionConfigurationPlatforms) = preSolution
		Debug|Any CPU = Debug|Any CPU
		Release|Any CPU = Release|Any CPU
	EndGlobalSection
	GlobalSection(ProjectConfigurationPlatforms) = postSolution
		{14F23EBA-4EFF-4E6C-979C-F169F57DA699}.Debug|Any CPU.ActiveCfg = Debug|Any CPU
		{14F23EBA-4EFF-4E6C-979C-F169F57DA699}.Debug|Any CPU.Build.0 = Debug|Any CPU
		{14F23EBA-4EFF-4E6C-979C-F169F57DA699}.Release|Any CPU.ActiveCfg = Release|Any CPU
		{14F23EBA-4EFF-4E6C-979C-F169F57DA699}.Release|Any CPU.Build.0 = Release|Any CPU
	EndGlobalSection
	GlobalSection(SolutionProperties) = preSolution
		HideSolutionNode = FALSE
	EndGlobalSection
	GlobalSection(ExtensibilityGlobals) = postSolution
		SolutionGuid = {F632EDA3-DCC6-4CA1-958C-7969A3A72717}
	EndGlobalSection
EndGlobal
